// !$*UTF8*$!
{
	archiveVersion = 1;
	classes = {
	};
	objectVersion = 50;
	objects = {

/* Begin PBXBuildFile section */
		563CB9BB22185C2900874EC4 /* LeagueVC.swift in Sources */ = {isa = PBXBuildFile; fileRef = 563CB9BA22185C2900874EC4 /* LeagueVC.swift */; };
		563CB9BD22185C4900874EC4 /* SkillVC.swift in Sources */ = {isa = PBXBuildFile; fileRef = 563CB9BC22185C4900874EC4 /* SkillVC.swift */; };
		56FB8A2222174A95005F8BE1 /* AppDelegate.swift in Sources */ = {isa = PBXBuildFile; fileRef = 56FB8A2122174A95005F8BE1 /* AppDelegate.swift */; };
		56FB8A2422174A95005F8BE1 /* WelcomeViewController.swift in Sources */ = {isa = PBXBuildFile; fileRef = 56FB8A2322174A95005F8BE1 /* WelcomeViewController.swift */; };
		56FB8A2722174A95005F8BE1 /* Main.storyboard in Resources */ = {isa = PBXBuildFile; fileRef = 56FB8A2522174A95005F8BE1 /* Main.storyboard */; };
		56FB8A2922174A97005F8BE1 /* Assets.xcassets in Resources */ = {isa = PBXBuildFile; fileRef = 56FB8A2822174A97005F8BE1 /* Assets.xcassets */; };
		56FB8A2C22174A97005F8BE1 /* LaunchScreen.storyboard in Resources */ = {isa = PBXBuildFile; fileRef = 56FB8A2A22174A97005F8BE1 /* LaunchScreen.storyboard */; };
		56FB8A3522175153005F8BE1 /* BorderButton.swift in Sources */ = {isa = PBXBuildFile; fileRef = 56FB8A3422175153005F8BE1 /* BorderButton.swift */; };
/* End PBXBuildFile section */

/* Begin PBXFileReference section */
		563CB9BA22185C2900874EC4 /* LeagueVC.swift */ = {isa = PBXFileReference; lastKnownFileType = sourcecode.swift; path = LeagueVC.swift; sourceTree = "<group>"; };
		563CB9BC22185C4900874EC4 /* SkillVC.swift */ = {isa = PBXFileReference; lastKnownFileType = sourcecode.swift; path = SkillVC.swift; sourceTree = "<group>"; };
		56FB8A1E22174A95005F8BE1 /* app-smoosh.app */ = {isa = PBXFileReference; explicitFileType = wrapper.application; includeInIndex = 0; path = "app-smoosh.app"; sourceTree = BUILT_PRODUCTS_DIR; };
		56FB8A2122174A95005F8BE1 /* AppDelegate.swift */ = {isa = PBXFileReference; lastKnownFileType = sourcecode.swift; path = AppDelegate.swift; sourceTree = "<group>"; };
		56FB8A2322174A95005F8BE1 /* WelcomeViewController.swift */ = {isa = PBXFileReference; lastKnownFileType = sourcecode.swift; path = WelcomeViewController.swift; sourceTree = "<group>"; };
		56FB8A2622174A95005F8BE1 /* Base */ = {isa = PBXFileReference; lastKnownFileType = file.storyboard; name = Base; path = Base.lproj/Main.storyboard; sourceTree = "<group>"; };
		56FB8A2822174A97005F8BE1 /* Assets.xcassets */ = {isa = PBXFileReference; lastKnownFileType = folder.assetcatalog; path = Assets.xcassets; sourceTree = "<group>"; };
		56FB8A2B22174A97005F8BE1 /* Base */ = {isa = PBXFileReference; lastKnownFileType = file.storyboard; name = Base; path = Base.lproj/LaunchScreen.storyboard; sourceTree = "<group>"; };
		56FB8A2D22174A97005F8BE1 /* Info.plist */ = {isa = PBXFileReference; lastKnownFileType = text.plist.xml; path = Info.plist; sourceTree = "<group>"; };
		56FB8A3422175153005F8BE1 /* BorderButton.swift */ = {isa = PBXFileReference; lastKnownFileType = sourcecode.swift; path = BorderButton.swift; sourceTree = "<group>"; };
/* End PBXFileReference section */

/* Begin PBXFrameworksBuildPhase section */
		56FB8A1B22174A95005F8BE1 /* Frameworks */ = {
			isa = PBXFrameworksBuildPhase;
			buildActionMask = 2147483647;
			files = (
			);
			runOnlyForDeploymentPostprocessing = 0;
		};
/* End PBXFrameworksBuildPhase section */

/* Begin PBXGroup section */
		563CB9BE22185C5B00874EC4 /* Controller */ = {
			isa = PBXGroup;
			children = (
				563CB9BC22185C4900874EC4 /* SkillVC.swift */,
				56FB8A2322174A95005F8BE1 /* WelcomeViewController.swift */,
				563CB9BA22185C2900874EC4 /* LeagueVC.swift */,
			);
			path = Controller;
			sourceTree = "<group>";
		};
		563CB9BF22185C6300874EC4 /* Model */ = {
			isa = PBXGroup;
			children = (
			);
			path = Model;
			sourceTree = "<group>";
		};
		56FB8A1522174A95005F8BE1 = {
			isa = PBXGroup;
			children = (
				56FB8A2022174A95005F8BE1 /* app-smoosh */,
				56FB8A1F22174A95005F8BE1 /* Products */,
			);
			sourceTree = "<group>";
		};
		56FB8A1F22174A95005F8BE1 /* Products */ = {
			isa = PBXGroup;
			children = (
				56FB8A1E22174A95005F8BE1 /* app-smoosh.app */,
			);
			name = Products;
			sourceTree = "<group>";
		};
		56FB8A2022174A95005F8BE1 /* app-smoosh */ = {
			isa = PBXGroup;
			children = (
				563CB9BF22185C6300874EC4 /* Model */,
				563CB9BE22185C5B00874EC4 /* Controller */,
				56FB8A3322175086005F8BE1 /* Views */,
				56FB8A2122174A95005F8BE1 /* AppDelegate.swift */,
				56FB8A2522174A95005F8BE1 /* Main.storyboard */,
				56FB8A2822174A97005F8BE1 /* Assets.xcassets */,
				56FB8A2A22174A97005F8BE1 /* LaunchScreen.storyboard */,
				56FB8A2D22174A97005F8BE1 /* Info.plist */,
			);
			path = "app-smoosh";
			sourceTree = "<group>";
		};
		56FB8A3322175086005F8BE1 /* Views */ = {
			isa = PBXGroup;
			children = (
				56FB8A3422175153005F8BE1 /* BorderButton.swift */,
			);
			path = Views;
			sourceTree = "<group>";
		};
/* End PBXGroup section */

/* Begin PBXNativeTarget section */
		56FB8A1D22174A95005F8BE1 /* app-smoosh */ = {
			isa = PBXNativeTarget;
			buildConfigurationList = 56FB8A3022174A97005F8BE1 /* Build configuration list for PBXNativeTarget "app-smoosh" */;
			buildPhases = (
				56FB8A1A22174A95005F8BE1 /* Sources */,
				56FB8A1B22174A95005F8BE1 /* Frameworks */,
				56FB8A1C22174A95005F8BE1 /* Resources */,
			);
			buildRules = (
			);
			dependencies = (
			);
			name = "app-smoosh";
			productName = "app-smoosh";
			productReference = 56FB8A1E22174A95005F8BE1 /* app-smoosh.app */;
			productType = "com.apple.product-type.application";
		};
/* End PBXNativeTarget section */

/* Begin PBXProject section */
		56FB8A1622174A95005F8BE1 /* Project object */ = {
			isa = PBXProject;
			attributes = {
				LastSwiftUpdateCheck = 1010;
				LastUpgradeCheck = 1010;
				ORGANIZATIONNAME = "ishraqe manjur";
				TargetAttributes = {
					56FB8A1D22174A95005F8BE1 = {
						CreatedOnToolsVersion = 10.1;
					};
				};
			};
			buildConfigurationList = 56FB8A1922174A95005F8BE1 /* Build configuration list for PBXProject "app-smoosh" */;
			compatibilityVersion = "Xcode 9.3";
			developmentRegion = en;
			hasScannedForEncodings = 0;
			knownRegions = (
				en,
				Base,
			);
			mainGroup = 56FB8A1522174A95005F8BE1;
			productRefGroup = 56FB8A1F22174A95005F8BE1 /* Products */;
			projectDirPath = "";
			projectRoot = "";
			targets = (
				56FB8A1D22174A95005F8BE1 /* app-smoosh */,
			);
		};
/* End PBXProject section */

/* Begin PBXResourcesBuildPhase section */
		56FB8A1C22174A95005F8BE1 /* Resources */ = {
			isa = PBXResourcesBuildPhase;
			buildActionMask = 2147483647;
			files = (
				56FB8A2C22174A97005F8BE1 /* LaunchScreen.storyboard in Resources */,
				56FB8A2922174A97005F8BE1 /* Assets.xcassets in Resources */,
				56FB8A2722174A95005F8BE1 /* Main.storyboard in Resources */,
			);
			runOnlyForDeploymentPostprocessing = 0;
		};
/* End PBXResourcesBuildPhase section */

/* Begin PBXSourcesBuildPhase section */
		56FB8A1A22174A95005F8BE1 /* Sources */ = {
			isa = PBXSourcesBuildPhase;
			buildActionMask = 2147483647;
			files = (
				56FB8A2422174A95005F8BE1 /* WelcomeViewController.swift in Sources */,
				563CB9BB22185C2900874EC4 /* LeagueVC.swift in Sources */,
				56FB8A2222174A95005F8BE1 /* AppDelegate.swift in Sources */,
				563CB9BD22185C4900874EC4 /* SkillVC.swift in Sources */,
				56FB8A3522175153005F8BE1 /* BorderButton.swift in Sources */,
			);
			runOnlyForDeploymentPostprocessing = 0;
		};
/* End PBXSourcesBuildPhase section */

/* Begin PBXVariantGroup section */
		56FB8A2522174A95005F8BE1 /* Main.storyboard */ = {
			isa = PBXVariantGroup;
			children = (
				56FB8A2622174A95005F8BE1 /* Base */,
			);
			name = Main.storyboard;
			sourceTree = "<group>";
		};
		56FB8A2A22174A97005F8BE1 /* LaunchScreen.storyboard */ = {
			isa = PBXVariantGroup;
			children = (
				56FB8A2B22174A97005F8BE1 /* Base */,
			);
			name = LaunchScreen.storyboard;
			sourceTree = "<group>";
		};
/* End PBXVariantGroup section */

/* Begin XCBuildConfiguration section */
		56FB8A2E22174A97005F8BE1 /* Debug */ = {
			isa = XCBuildConfiguration;
			buildSettings = {
				ALWAYS_SEARCH_USER_PATHS = NO;
				CLANG_ANALYZER_NONNULL = YES;
				CLANG_ANALYZER_NUMBER_OBJECT_CONVERSION = YES_AGGRESSIVE;
				CLANG_CXX_LANGUAGE_STANDARD = "gnu++14";
				CLANG_CXX_LIBRARY = "libc++";
				CLANG_ENABLE_MODULES = YES;
				CLANG_ENABLE_OBJC_ARC = YES;
				CLANG_ENABLE_OBJC_WEAK = YES;
				CLANG_WARN_BLOCK_CAPTURE_AUTORELEASING = YES;
				CLANG_WARN_BOOL_CONVERSION = YES;
				CLANG_WARN_COMMA = YES;
				CLANG_WARN_CONSTANT_CONVERSION = YES;
				CLANG_WARN_DEPRECATED_OBJC_IMPLEMENTATIONS = YES;
				CLANG_WARN_DIRECT_OBJC_ISA_USAGE = YES_ERROR;
				CLANG_WARN_DOCUMENTATION_COMMENTS = YES;
				CLANG_WARN_EMPTY_BODY = YES;
				CLANG_WARN_ENUM_CONVERSION = YES;
				CLANG_WARN_INFINITE_RECURSION = YES;
				CLANG_WARN_INT_CONVERSION = YES;
				CLANG_WARN_NON_LITERAL_NULL_CONVERSION = YES;
				CLANG_WARN_OBJC_IMPLICIT_RETAIN_SELF = YES;
				CLANG_WARN_OBJC_LITERAL_CONVERSION = YES;
				CLANG_WARN_OBJC_ROOT_CLASS = YES_ERROR;
				CLANG_WARN_RANGE_LOOP_ANALYSIS = YES;
				CLANG_WARN_STRICT_PROTOTYPES = YES;
				CLANG_WARN_SUSPICIOUS_MOVE = YES;
				CLANG_WARN_UNGUARDED_AVAILABILITY = YES_AGGRESSIVE;
				CLANG_WARN_UNREACHABLE_CODE = YES;
				CLANG_WARN__DUPLICATE_METHOD_MATCH = YES;
				CODE_SIGN_IDENTITY = "iPhone Developer";
				COPY_PHASE_STRIP = NO;
				DEBUG_INFORMATION_FORMAT = dwarf;
				ENABLE_STRICT_OBJC_MSGSEND = YES;
				ENABLE_TESTABILITY = YES;
				GCC_C_LANGUAGE_STANDARD = gnu11;
				GCC_DYNAMIC_NO_PIC = NO;
				GCC_NO_COMMON_BLOCKS = YES;
				GCC_OPTIMIZATION_LEVEL = 0;
				GCC_PREPROCESSOR_DEFINITIONS = (
					"DEBUG=1",
					"$(inherited)",
				);
				GCC_WARN_64_TO_32_BIT_CONVERSION = YES;
				GCC_WARN_ABOUT_RETURN_TYPE = YES_ERROR;
				GCC_WARN_UNDECLARED_SELECTOR = YES;
				GCC_WARN_UNINITIALIZED_AUTOS = YES_AGGRESSIVE;
				GCC_WARN_UNUSED_FUNCTION = YES;
				GCC_WARN_UNUSED_VARIABLE = YES;
				IPHONEOS_DEPLOYMENT_TARGET = 12.1;
				MTL_ENABLE_DEBUG_INFO = INCLUDE_SOURCE;
				MTL_FAST_MATH = YES;
				ONLY_ACTIVE_ARCH = YES;
				SDKROOT = iphoneos;
				SWIFT_ACTIVE_COMPILATION_CONDITIONS = DEBUG;
				SWIFT_OPTIMIZATION_LEVEL = "-Onone";
			};
			name = Debug;
		};
		56FB8A2F22174A97005F8BE1 /* Release */ = {
			isa = XCBuildConfiguration;
			buildSettings = {
				ALWAYS_SEARCH_USER_PATHS = NO;
				CLANG_ANALYZER_NONNULL = YES;
				CLANG_ANALYZER_NUMBER_OBJECT_CONVERSION = YES_AGGRESSIVE;
				CLANG_CXX_LANGUAGE_STANDARD = "gnu++14";
				CLANG_CXX_LIBRARY = "libc++";
				CLANG_ENABLE_MODULES = YES;
				CLANG_ENABLE_OBJC_ARC = YES;
				CLANG_ENABLE_OBJC_WEAK = YES;
				CLANG_WARN_BLOCK_CAPTURE_AUTORELEASING = YES;
				CLANG_WARN_BOOL_CONVERSION = YES;
				CLANG_WARN_COMMA = YES;
				CLANG_WARN_CONSTANT_CONVERSION = YES;
				CLANG_WARN_DEPRECATED_OBJC_IMPLEMENTATIONS = YES;
				CLANG_WARN_DIRECT_OBJC_ISA_USAGE = YES_ERROR;
				CLANG_WARN_DOCUMENTATION_COMMENTS = YES;
				CLANG_WARN_EMPTY_BODY = YES;
				CLANG_WARN_ENUM_CONVERSION = YES;
				CLANG_WARN_INFINITE_RECURSION = YES;
				CLANG_WARN_INT_CONVERSION = YES;
				CLANG_WARN_NON_LITERAL_NULL_CONVERSION = YES;
				CLANG_WARN_OBJC_IMPLICIT_RETAIN_SELF = YES;
				CLANG_WARN_OBJC_LITERAL_CONVERSION = YES;
				CLANG_WARN_OBJC_ROOT_CLASS = YES_ERROR;
				CLANG_WARN_RANGE_LOOP_ANALYSIS = YES;
				CLANG_WARN_STRICT_PROTOTYPES = YES;
				CLANG_WARN_SUSPICIOUS_MOVE = YES;
				CLANG_WARN_UNGUARDED_AVAILABILITY = YES_AGGRESSIVE;
				CLANG_WARN_UNREACHABLE_CODE = YES;
				CLANG_WARN__DUPLICATE_METHOD_MATCH = YES;
				CODE_SIGN_IDENTITY = "iPhone Developer";
				COPY_PHASE_STRIP = NO;
				DEBUG_INFORMATION_FORMAT = "dwarf-with-dsym";
				ENABLE_NS_ASSERTIONS = NO;
				ENABLE_STRICT_OBJC_MSGSEND = YES;
				GCC_C_LANGUAGE_STANDARD = gnu11;
				GCC_NO_COMMON_BLOCKS = YES;
				GCC_WARN_64_TO_32_BIT_CONVERSION = YES;
				GCC_WARN_ABOUT_RETURN_TYPE = YES_ERROR;
				GCC_WARN_UNDECLARED_SELECTOR = YES;
				GCC_WARN_UNINITIALIZED_AUTOS = YES_AGGRESSIVE;
				GCC_WARN_UNUSED_FUNCTION = YES;
				GCC_WARN_UNUSED_VARIABLE = YES;
				IPHONEOS_DEPLOYMENT_TARGET = 12.1;
				MTL_ENABLE_DEBUG_INFO = NO;
				MTL_FAST_MATH = YES;
				SDKROOT = iphoneos;
				SWIFT_COMPILATION_MODE = wholemodule;
				SWIFT_OPTIMIZATION_LEVEL = "-O";
				VALIDATE_PRODUCT = YES;
			};
			name = Release;
		};
		56FB8A3122174A97005F8BE1 /* Debug */ = {
			isa = XCBuildConfiguration;
			buildSettings = {
				ASSETCATALOG_COMPILER_APPICON_NAME = AppIcon;
				CODE_SIGN_STYLE = Automatic;
				DEVELOPMENT_TEAM = 4A7XK4Q3M4;
				INFOPLIST_FILE = "app-smoosh/Info.plist";
				LD_RUNPATH_SEARCH_PATHS = (
					"$(inherited)",
					"@executable_path/Frameworks",
				);
				PRODUCT_BUNDLE_IDENTIFIER = "com.app-smoosh";
				PRODUCT_NAME = "$(TARGET_NAME)";
				SWIFT_VERSION = 4.2;
				TARGETED_DEVICE_FAMILY = "1,2";
			};
			name = Debug;
		};
		56FB8A3222174A97005F8BE1 /* Release */ = {
			isa = XCBuildConfiguration;
			buildSettings = {
				ASSETCATALOG_COMPILER_APPICON_NAME = AppIcon;
				CODE_SIGN_STYLE = Automatic;
				DEVELOPMENT_TEAM = 4A7XK4Q3M4;
				INFOPLIST_FILE = "app-smoosh/Info.plist";
				LD_RUNPATH_SEARCH_PATHS = (
					"$(inherited)",
					"@executable_path/Frameworks",
				);
				PRODUCT_BUNDLE_IDENTIFIER = "com.app-smoosh";
				PRODUCT_NAME = "$(TARGET_NAME)";
				SWIFT_VERSION = 4.2;
				TARGETED_DEVICE_FAMILY = "1,2";
			};
			name = Release;
		};
/* End XCBuildConfiguration section */

/* Begin XCConfigurationList section */
		56FB8A1922174A95005F8BE1 /* Build configuration list for PBXProject "app-smoosh" */ = {
			isa = XCConfigurationList;
			buildConfigurations = (
				56FB8A2E22174A97005F8BE1 /* Debug */,
				56FB8A2F22174A97005F8BE1 /* Release */,
			);
			defaultConfigurationIsVisible = 0;
			defaultConfigurationName = Release;
		};
		56FB8A3022174A97005F8BE1 /* Build configuration list for PBXNativeTarget "app-smoosh" */ = {
			isa = XCConfigurationList;
			buildConfigurations = (
				56FB8A3122174A97005F8BE1 /* Debug */,
				56FB8A3222174A97005F8BE1 /* Release */,
			);
			defaultConfigurationIsVisible = 0;
			defaultConfigurationName = Release;
		};
/* End XCConfigurationList section */
	};
	rootObject = 56FB8A1622174A95005F8BE1 /* Project object */;
}
